
Microsoft Visual Studio Solution File, Format Version 12.00
# Visual Studio Version 17
VisualStudioVersion = 17.1.31911.260
MinimumVisualStudioVersion = 10.0.40219.1
Project("{FAE04EC0-301F-11D3-BF4B-00C04F79EFBC}") = "OrionPlugin", "OrionPlugin.csproj", "{A6D86F0E-832C-4CD2-AE4B-45A1E68CD1FF}"
EndProject
Global
	GlobalSection(SolutionConfigurationPlatforms) = preSolution
		Debug|Any CPU = Debug|Any CPU
		Release|Any CPU = Release|Any CPU
	EndGlobalSection
	GlobalSection(ProjectConfigurationPlatforms) = postSolution
		{A6D86F0E-832C-4CD2-AE4B-45A1E68CD1FF}.Debug|Any CPU.ActiveCfg = Debug|Any CPU
		{A6D86F0E-832C-4CD2-AE4B-45A1E68CD1FF}.Debug|Any CPU.Build.0 = Debug|Any CPU
		{A6D86F0E-832C-4CD2-AE4B-45A1E68CD1FF}.Release|Any CPU.ActiveCfg = Release|Any CPU
		{A6D86F0E-832C-4CD2-AE4B-45A1E68CD1FF}.Release|Any CPU.Build.0 = Release|Any CPU
	EndGlobalSection
	GlobalSection(SolutionProperties) = preSolution
		HideSolutionNode = FALSE
	EndGlobalSection
	GlobalSection(ExtensibilityGlobals) = postSolution
		SolutionGuid = {B0E93D95-BAE2-4FE7-AB66-6BC381DBDDEE}
	EndGlobalSection
EndGlobal
